
Microsoft Visual Studio Solution File, Format Version 12.00
# Visual Studio Version 17
VisualStudioVersion = 17.3.32901.215
MinimumVisualStudioVersion = 10.0.40219.1
Project("{FAE04EC0-301F-11D3-BF4B-00C04F79EFBC}") = "study-task", "study-task\study-task.csproj", "{47B8E363-11AC-4789-BC65-2714D0007DF2}"
EndProject
Global
	GlobalSection(SolutionConfigurationPlatforms) = preSolution
		Debug|Any CPU = Debug|Any CPU
		Release|Any CPU = Release|Any CPU
	EndGlobalSection
	GlobalSection(ProjectConfigurationPlatforms) = postSolution
		{47B8E363-11AC-4789-BC65-2714D0007DF2}.Debug|Any CPU.ActiveCfg = Debug|Any CPU
		{47B8E363-11AC-4789-BC65-2714D0007DF2}.Debug|Any CPU.Build.0 = Debug|Any CPU
		{47B8E363-11AC-4789-BC65-2714D0007DF2}.Release|Any CPU.ActiveCfg = Release|Any CPU
		{47B8E363-11AC-4789-BC65-2714D0007DF2}.Release|Any CPU.Build.0 = Release|Any CPU
	EndGlobalSection
	GlobalSection(SolutionProperties) = preSolution
		HideSolutionNode = FALSE
	EndGlobalSection
	GlobalSection(ExtensibilityGlobals) = postSolution
		SolutionGuid = {DA06EF1A-FD51-4528-A826-22861BB56963}
	EndGlobalSection
EndGlobal
